# THIS IS AN AUTOGENERATED FILE. DO NOT EDIT THIS FILE DIRECTLY.
# yarn lockfile v1


"@hookform/resolvers@^3.9.0":
  version "3.9.0"
  resolved "https://registry.yarnpkg.com/@hookform/resolvers/-/resolvers-3.9.0.tgz#cf540ac21c6c0cd24a40cf53d8e6d64391fb753d"
  integrity sha512-bU0Gr4EepJ/EQsH/IwEzYLsT/PEj5C0ynLQ4m+GSHS+xKH4TfSelhluTgOaoc4kA5s7eCsQbM4wvZLzELmWzUg==

"@tanstack/query-core@5.51.1":
  version "5.51.1"
  resolved "https://registry.yarnpkg.com/@tanstack/query-core/-/query-core-5.51.1.tgz#55049ef0252c7d29de05e8219fd19b679509270e"
  integrity sha512-fJBMQMpo8/KSsWW5ratJR5+IFr7YNJ3K2kfP9l5XObYHsgfVy1w3FJUWU4FT2fj7+JMaEg33zOcNDBo0LMwHnw==

"@tanstack/react-query@^5.51.1":
  version "5.51.1"
  resolved "https://registry.yarnpkg.com/@tanstack/react-query/-/react-query-5.51.1.tgz#e483b9c9011e079b89cf73ce447b2e06340b3f41"
  integrity sha512-s47HKFnQ4HOJAHoIiXcpna/roMMPZJPy6fJ6p4ZNVn8+/onlLBEDd1+xc8OnDuwgvecqkZD7Z2mnSRbcWefrKw==
  dependencies:
    "@tanstack/query-core" "5.51.1"

react-hook-form@^7.52.1:
  version "7.52.1"
  resolved "https://registry.yarnpkg.com/react-hook-form/-/react-hook-form-7.52.1.tgz#ec2c96437b977f8b89ae2d541a70736c66284852"
  integrity sha512-uNKIhaoICJ5KQALYZ4TOaOLElyM+xipord+Ha3crEFhTntdLvWZqVY49Wqd/0GiVCA/f9NjemLeiNPjG7Hpurg==

zod@^3.23.8:
  version "3.23.8"
  resolved "https://registry.yarnpkg.com/zod/-/zod-3.23.8.tgz#e37b957b5d52079769fb8097099b592f0ef4067d"
  integrity sha512-XBx9AXhXktjUqnepgTiE5flcKIYWi/rme0Eaj+5Y0lftuGBq+jyRu/md4WnuxqgP1ubdpNCsYEYPxrzVHD8d6g==
